{
  "lockfile_version": "1",
  "packages": {
    "github:NixOS/nixpkgs/nixpkgs-unstable": {
      "last_modified": "2025-07-15T16:15:05Z",
      "resolved": "github:NixOS/nixpkgs/dab3a6e781554f965bde3def0aa2fda4eb8f1708?lastModified=1752596105&narHash=sha256-lFNVsu%2FmHLq3q11MuGkMhUUoSXEdQjCHvpReaGP1S2k%3D"
    },
    "github:gren-lang/nix/0.5.4": {
      "last_modified": "2025-03-24T10:35:41Z",
      "resolved": "github:gren-lang/nix/35601dd5c34adce2bbc6740ccc19a55078eb27be?lastModified=1742812541&narHash=sha256-iJcZAefSQM67bMRlJPEXT0%2FkVUoEmcr9NYTUPLoAO%2FE%3D"
    },
    "nodePackages.prettier@latest": {
      "last_modified": "2025-05-21T18:43:04Z",
      "resolved": "github:NixOS/nixpkgs/8c441601c43232976179eac52dde704c8bdf81ed#nodePackages.prettier",
      "source": "devbox-search",
      "version": "3.5.3",
      "systems": {
        "aarch64-darwin": {
          "outputs": [
            {
              "name": "out",
              "path": "/nix/store/yspchsd3ww1ddz2r5783kw8y9j0vr3r8-prettier-3.5.3",
              "default": true
            }
          ],
          "store_path": "/nix/store/yspchsd3ww1ddz2r5783kw8y9j0vr3r8-prettier-3.5.3"
        },
        "aarch64-linux": {
          "outputs": [
            {
              "name": "out",
              "path": "/nix/store/ya3imag4wkxj3g5fws96rzyzv36m74w8-prettier-3.5.3",
              "default": true
            }
          ],
          "store_path": "/nix/store/ya3imag4wkxj3g5fws96rzyzv36m74w8-prettier-3.5.3"
        },
        "x86_64-darwin": {
          "outputs": [
            {
              "name": "out",
              "path": "/nix/store/f9q2y20qa56hjzxnia0q664m0rkwwqvm-prettier-3.5.3",
              "default": true
            }
          ],
          "store_path": "/nix/store/f9q2y20qa56hjzxnia0q664m0rkwwqvm-prettier-3.5.3"
        },
        "x86_64-linux": {
          "outputs": [
            {
              "name": "out",
              "path": "/nix/store/wry9vlk19pk7izrknb980icc8gihzllx-prettier-3.5.3",
              "default": true
            }
          ],
          "store_path": "/nix/store/wry9vlk19pk7izrknb980icc8gihzllx-prettier-3.5.3"
        }
      }
    },
    "nodejs@20": {
      "last_modified": "2025-07-09T16:14:05Z",
      "plugin_version": "0.0.2",
      "resolved": "github:NixOS/nixpkgs/be9e214982e20b8310878ac2baa063a961c1bdf6#nodejs_20",
      "source": "devbox-search",
      "version": "20.19.3",
      "systems": {
        "aarch64-darwin": {
          "outputs": [
            {
              "name": "out",
              "path": "/nix/store/4d5aarzc4ca3q50qsfxfvzkld0mpjz2k-nodejs-20.19.3",
              "default": true
            },
            {
              "name": "dev",
              "path": "/nix/store/qhjd37c32rbnb6nsfmy8n87llh72gawp-nodejs-20.19.3-dev"
            },
            {
              "name": "libv8",
              "path": "/nix/store/170agaygpqbm850b7qwz3043jszk67yq-nodejs-20.19.3-libv8"
            }
          ],
          "store_path": "/nix/store/4d5aarzc4ca3q50qsfxfvzkld0mpjz2k-nodejs-20.19.3"
        },
        "aarch64-linux": {
          "outputs": [
            {
              "name": "out",
              "path": "/nix/store/aahc92wlrxr7dmd1iwpalril5sb3grl7-nodejs-20.19.3",
              "default": true
            },
            {
              "name": "dev",
              "path": "/nix/store/byimaa00vwir5aalag6ajx8s7agy0qr4-nodejs-20.19.3-dev"
            },
            {
              "name": "libv8",
              "path": "/nix/store/5xpzv5pxvn35qcgbzp3mb61dxi0d91hf-nodejs-20.19.3-libv8"
            }
          ],
          "store_path": "/nix/store/aahc92wlrxr7dmd1iwpalril5sb3grl7-nodejs-20.19.3"
        },
        "x86_64-darwin": {
          "outputs": [
            {
              "name": "out",
              "path": "/nix/store/ilyq85w4z89cp8461svlyizzm3inx4r8-nodejs-20.19.3",
              "default": true
            },
            {
              "name": "dev",
              "path": "/nix/store/sy3k1i7vd7ks5k2lqkjbhpjcqpmj3841-nodejs-20.19.3-dev"
            },
            {
              "name": "libv8",
              "path": "/nix/store/fhglk1446b46zwfm7821q639w2i20v5k-nodejs-20.19.3-libv8"
            }
          ],
          "store_path": "/nix/store/ilyq85w4z89cp8461svlyizzm3inx4r8-nodejs-20.19.3"
        },
        "x86_64-linux": {
          "outputs": [
            {
              "name": "out",
              "path": "/nix/store/g6lyzm0jm9v5bxxxsk8w27wn5zzh6lh4-nodejs-20.19.3",
              "default": true
            },
            {
              "name": "libv8",
              "path": "/nix/store/rp98xza0p2znvm3diydvwn6yxdixm4m6-nodejs-20.19.3-libv8"
            },
            {
              "name": "dev",
              "path": "/nix/store/plnfimg0ws49vrqyx0ppl9xmfaa2s0g0-nodejs-20.19.3-dev"
            }
          ],
          "store_path": "/nix/store/g6lyzm0jm9v5bxxxsk8w27wn5zzh6lh4-nodejs-20.19.3"
        }
      }
    }
  }
}
