{
  "lockfile_version": "1",
  "packages": {
    "github:NixOS/nixpkgs/nixpkgs-unstable": {
      "resolved": "github:NixOS/nixpkgs/b58e19b11fe72175fd7a9e014a4786a91e99da5f?lastModified=1740916017&narHash=sha256-Ze%2F3XCElkVljFCnBKezLldOz2ZaGp7eozxRqFzACnMI%3D"
    },
    "github:gren-lang/nix/0.5.2": {
      "resolved": "github:gren-lang/nix/7998732cd4878c7b121b4ebb2d9929b0b635f9b9?lastModified=1736597972&narHash=sha256-s40gUeBIqhG1WdcXyNAZsebAVgEOivMhleofe4%2BmbvM%3D"
    },
    "nodePackages.prettier@latest": {
      "last_modified": "2025-02-26T05:29:08Z",
      "resolved": "github:NixOS/nixpkgs/3a05eebede89661660945da1f151959900903b6a#nodePackages.prettier",
      "source": "devbox-search",
      "version": "3.5.2",
      "systems": {
        "aarch64-darwin": {
          "outputs": [
            {
              "name": "out",
              "path": "/nix/store/lm9hk1n71vkiikm67nghrkbsipcvbkvl-prettier-3.5.2",
              "default": true
            }
          ],
          "store_path": "/nix/store/lm9hk1n71vkiikm67nghrkbsipcvbkvl-prettier-3.5.2"
        },
        "aarch64-linux": {
          "outputs": [
            {
              "name": "out",
              "path": "/nix/store/hx8jyny7h8li13n78kyanyawj0whbcvb-prettier-3.5.2",
              "default": true
            }
          ],
          "store_path": "/nix/store/hx8jyny7h8li13n78kyanyawj0whbcvb-prettier-3.5.2"
        },
        "x86_64-darwin": {
          "outputs": [
            {
              "name": "out",
              "path": "/nix/store/laz8sikvqydspmkiy105h11gwi8z53z9-prettier-3.5.2",
              "default": true
            }
          ],
          "store_path": "/nix/store/laz8sikvqydspmkiy105h11gwi8z53z9-prettier-3.5.2"
        },
        "x86_64-linux": {
          "outputs": [
            {
              "name": "out",
              "path": "/nix/store/kgvkmqw96w38jqng7iy11wr9ir98893p-prettier-3.5.2",
              "default": true
            }
          ],
          "store_path": "/nix/store/kgvkmqw96w38jqng7iy11wr9ir98893p-prettier-3.5.2"
        }
      }
    },
    "nodejs@20": {
      "last_modified": "2025-02-12T00:10:52Z",
      "plugin_version": "0.0.2",
      "resolved": "github:NixOS/nixpkgs/83a2581c81ff5b06f7c1a4e7cc736a455dfcf7b4#nodejs_20",
      "source": "devbox-search",
      "version": "20.18.3",
      "systems": {
        "aarch64-darwin": {
          "outputs": [
            {
              "name": "out",
              "path": "/nix/store/pba611q472k53hjk8kai3mqg5nqa0q4v-nodejs-20.18.3",
              "default": true
            },
            {
              "name": "libv8",
              "path": "/nix/store/giz92jzgk5j5x4rr87qfhh7h23vxw02s-nodejs-20.18.3-libv8"
            }
          ],
          "store_path": "/nix/store/pba611q472k53hjk8kai3mqg5nqa0q4v-nodejs-20.18.3"
        },
        "aarch64-linux": {
          "outputs": [
            {
              "name": "out",
              "path": "/nix/store/958yayymdnm342x6vldlfbjah51dy0d4-nodejs-20.18.3",
              "default": true
            },
            {
              "name": "libv8",
              "path": "/nix/store/wxl92b7ld4dfhskvmgvf9r7q9h86q2s6-nodejs-20.18.3-libv8"
            }
          ],
          "store_path": "/nix/store/958yayymdnm342x6vldlfbjah51dy0d4-nodejs-20.18.3"
        },
        "x86_64-darwin": {
          "outputs": [
            {
              "name": "out",
              "path": "/nix/store/3wrrj4ddsc8mrim3xnqwws8w2b3an4jv-nodejs-20.18.3",
              "default": true
            },
            {
              "name": "libv8",
              "path": "/nix/store/bw62bzsr6rgrygpk5g4vjpbbqwffn8sg-nodejs-20.18.3-libv8"
            }
          ],
          "store_path": "/nix/store/3wrrj4ddsc8mrim3xnqwws8w2b3an4jv-nodejs-20.18.3"
        },
        "x86_64-linux": {
          "outputs": [
            {
              "name": "out",
              "path": "/nix/store/1bmfcixbhs5fxv2zzyc45grx3xgc90j9-nodejs-20.18.3",
              "default": true
            },
            {
              "name": "libv8",
              "path": "/nix/store/03gwhdryzihhv729133pfmri9qjhnbr5-nodejs-20.18.3-libv8"
            }
          ],
          "store_path": "/nix/store/1bmfcixbhs5fxv2zzyc45grx3xgc90j9-nodejs-20.18.3"
        }
      }
    }
  }
}
